
Microsoft Visual Studio Solution File, Format Version 12.00
# Visual Studio Version 17
VisualStudioVersion = 17.8.34316.72
MinimumVisualStudioVersion = 10.0.40219.1
Project("{FAE04EC0-301F-11D3-BF4B-00C04F79EFBC}") = "Лаб.7 з.2", "Лаб.7 з.2\Лаб.7 з.2.csproj", "{9FC1E48A-EBE7-4B10-B28D-A087EC4D0E23}"
EndProject
Global
	GlobalSection(SolutionConfigurationPlatforms) = preSolution
		Debug|Any CPU = Debug|Any CPU
		Release|Any CPU = Release|Any CPU
	EndGlobalSection
	GlobalSection(ProjectConfigurationPlatforms) = postSolution
		{9FC1E48A-EBE7-4B10-B28D-A087EC4D0E23}.Debug|Any CPU.ActiveCfg = Debug|Any CPU
		{9FC1E48A-EBE7-4B10-B28D-A087EC4D0E23}.Debug|Any CPU.Build.0 = Debug|Any CPU
		{9FC1E48A-EBE7-4B10-B28D-A087EC4D0E23}.Release|Any CPU.ActiveCfg = Release|Any CPU
		{9FC1E48A-EBE7-4B10-B28D-A087EC4D0E23}.Release|Any CPU.Build.0 = Release|Any CPU
	EndGlobalSection
	GlobalSection(SolutionProperties) = preSolution
		HideSolutionNode = FALSE
	EndGlobalSection
	GlobalSection(ExtensibilityGlobals) = postSolution
		SolutionGuid = {62A6227D-EC1D-4C5F-B2BC-A77AB2E22A58}
	EndGlobalSection
EndGlobal
