
Microsoft Visual Studio Solution File, Format Version 12.00
# Visual Studio Version 17
VisualStudioVersion = 17.8.34316.72
MinimumVisualStudioVersion = 10.0.40219.1
Project("{FAE04EC0-301F-11D3-BF4B-00C04F79EFBC}") = "Лаб.7 з.1", "Лаб.7 з.1\Лаб.7 з.1.csproj", "{36C957A0-790A-46E9-AEFB-12985874C9FD}"
EndProject
Global
	GlobalSection(SolutionConfigurationPlatforms) = preSolution
		Debug|Any CPU = Debug|Any CPU
		Release|Any CPU = Release|Any CPU
	EndGlobalSection
	GlobalSection(ProjectConfigurationPlatforms) = postSolution
		{36C957A0-790A-46E9-AEFB-12985874C9FD}.Debug|Any CPU.ActiveCfg = Debug|Any CPU
		{36C957A0-790A-46E9-AEFB-12985874C9FD}.Debug|Any CPU.Build.0 = Debug|Any CPU
		{36C957A0-790A-46E9-AEFB-12985874C9FD}.Release|Any CPU.ActiveCfg = Release|Any CPU
		{36C957A0-790A-46E9-AEFB-12985874C9FD}.Release|Any CPU.Build.0 = Release|Any CPU
	EndGlobalSection
	GlobalSection(SolutionProperties) = preSolution
		HideSolutionNode = FALSE
	EndGlobalSection
	GlobalSection(ExtensibilityGlobals) = postSolution
		SolutionGuid = {FA895D05-449A-4318-BC0C-F45D4613291E}
	EndGlobalSection
EndGlobal
