
Microsoft Visual Studio Solution File, Format Version 12.00
# Visual Studio Version 17
VisualStudioVersion = 17.8.34330.188
MinimumVisualStudioVersion = 10.0.40219.1
Project("{FAE04EC0-301F-11D3-BF4B-00C04F79EFBC}") = "1arrays", "1arrays\1arrays.csproj", "{C63679AD-EED0-4CF1-A83D-E79474494DCB}"
EndProject
Global
	GlobalSection(SolutionConfigurationPlatforms) = preSolution
		Debug|Any CPU = Debug|Any CPU
		Release|Any CPU = Release|Any CPU
	EndGlobalSection
	GlobalSection(ProjectConfigurationPlatforms) = postSolution
		{C63679AD-EED0-4CF1-A83D-E79474494DCB}.Debug|Any CPU.ActiveCfg = Debug|Any CPU
		{C63679AD-EED0-4CF1-A83D-E79474494DCB}.Debug|Any CPU.Build.0 = Debug|Any CPU
		{C63679AD-EED0-4CF1-A83D-E79474494DCB}.Release|Any CPU.ActiveCfg = Release|Any CPU
		{C63679AD-EED0-4CF1-A83D-E79474494DCB}.Release|Any CPU.Build.0 = Release|Any CPU
	EndGlobalSection
	GlobalSection(SolutionProperties) = preSolution
		HideSolutionNode = FALSE
	EndGlobalSection
	GlobalSection(ExtensibilityGlobals) = postSolution
		SolutionGuid = {1791A838-26D5-4FFC-B4CD-725CE1104221}
	EndGlobalSection
EndGlobal
