
Microsoft Visual Studio Solution File, Format Version 12.00
# Visual Studio Version 17
VisualStudioVersion = 17.9.34728.123
MinimumVisualStudioVersion = 10.0.40219.1
Project("{FAE04EC0-301F-11D3-BF4B-00C04F79EFBC}") = "xaml_lab_3", "xaml_lab_3\xaml_lab_3.csproj", "{7FEE56F3-4531-4CA6-B71B-149AFFD63F88}"
EndProject
Global
	GlobalSection(SolutionConfigurationPlatforms) = preSolution
		Debug|Any CPU = Debug|Any CPU
		Release|Any CPU = Release|Any CPU
	EndGlobalSection
	GlobalSection(ProjectConfigurationPlatforms) = postSolution
		{7FEE56F3-4531-4CA6-B71B-149AFFD63F88}.Debug|Any CPU.ActiveCfg = Debug|Any CPU
		{7FEE56F3-4531-4CA6-B71B-149AFFD63F88}.Debug|Any CPU.Build.0 = Debug|Any CPU
		{7FEE56F3-4531-4CA6-B71B-149AFFD63F88}.Release|Any CPU.ActiveCfg = Release|Any CPU
		{7FEE56F3-4531-4CA6-B71B-149AFFD63F88}.Release|Any CPU.Build.0 = Release|Any CPU
	EndGlobalSection
	GlobalSection(SolutionProperties) = preSolution
		HideSolutionNode = FALSE
	EndGlobalSection
	GlobalSection(ExtensibilityGlobals) = postSolution
		SolutionGuid = {34A3D2FF-F4CF-4326-A79A-468F290C84B7}
	EndGlobalSection
EndGlobal
